
Microsoft Visual Studio Solution File, Format Version 12.00
# Visual Studio 2013
VisualStudioVersion = 12.0.31101.0
MinimumVisualStudioVersion = 10.0.40219.1
Project("{FAE04EC0-301F-11D3-BF4B-00C04F79EFBC}") = "ZtmBustStopParser", "ZtmBustStopParser\ZtmBustStopParser.csproj", "{87A78F7F-8C07-479F-BE59-6EB3F60A90B2}"
EndProject
Project("{FAE04EC0-301F-11D3-BF4B-00C04F79EFBC}") = "WebService", "WebService\WebService.csproj", "{31A36F60-B6CB-46D1-854C-A5116B3B6ABF}"
EndProject
Project("{FAE04EC0-301F-11D3-BF4B-00C04F79EFBC}") = "BusStops", "BusStops\BusStops.csproj", "{04175722-F259-4DDA-B976-2CCBCDB01FB2}"
EndProject
Global
	GlobalSection(SolutionConfigurationPlatforms) = preSolution
		Debug|Any CPU = Debug|Any CPU
		Debug|ARM = Debug|ARM
		Debug|x86 = Debug|x86
		Release|Any CPU = Release|Any CPU
		Release|ARM = Release|ARM
		Release|x86 = Release|x86
	EndGlobalSection
	GlobalSection(ProjectConfigurationPlatforms) = postSolution
		{87A78F7F-8C07-479F-BE59-6EB3F60A90B2}.Debug|Any CPU.ActiveCfg = Debug|Any CPU
		{87A78F7F-8C07-479F-BE59-6EB3F60A90B2}.Debug|Any CPU.Build.0 = Debug|Any CPU
		{87A78F7F-8C07-479F-BE59-6EB3F60A90B2}.Debug|ARM.ActiveCfg = Debug|Any CPU
		{87A78F7F-8C07-479F-BE59-6EB3F60A90B2}.Debug|x86.ActiveCfg = Debug|Any CPU
		{87A78F7F-8C07-479F-BE59-6EB3F60A90B2}.Release|Any CPU.ActiveCfg = Release|Any CPU
		{87A78F7F-8C07-479F-BE59-6EB3F60A90B2}.Release|Any CPU.Build.0 = Release|Any CPU
		{87A78F7F-8C07-479F-BE59-6EB3F60A90B2}.Release|ARM.ActiveCfg = Release|Any CPU
		{87A78F7F-8C07-479F-BE59-6EB3F60A90B2}.Release|x86.ActiveCfg = Release|Any CPU
		{31A36F60-B6CB-46D1-854C-A5116B3B6ABF}.Debug|Any CPU.ActiveCfg = Debug|Any CPU
		{31A36F60-B6CB-46D1-854C-A5116B3B6ABF}.Debug|Any CPU.Build.0 = Debug|Any CPU
		{31A36F60-B6CB-46D1-854C-A5116B3B6ABF}.Debug|ARM.ActiveCfg = Debug|Any CPU
		{31A36F60-B6CB-46D1-854C-A5116B3B6ABF}.Debug|x86.ActiveCfg = Debug|Any CPU
		{31A36F60-B6CB-46D1-854C-A5116B3B6ABF}.Release|Any CPU.ActiveCfg = Release|Any CPU
		{31A36F60-B6CB-46D1-854C-A5116B3B6ABF}.Release|Any CPU.Build.0 = Release|Any CPU
		{31A36F60-B6CB-46D1-854C-A5116B3B6ABF}.Release|ARM.ActiveCfg = Release|Any CPU
		{31A36F60-B6CB-46D1-854C-A5116B3B6ABF}.Release|x86.ActiveCfg = Release|Any CPU
		{04175722-F259-4DDA-B976-2CCBCDB01FB2}.Debug|Any CPU.ActiveCfg = Debug|Any CPU
		{04175722-F259-4DDA-B976-2CCBCDB01FB2}.Debug|Any CPU.Build.0 = Debug|Any CPU
		{04175722-F259-4DDA-B976-2CCBCDB01FB2}.Debug|Any CPU.Deploy.0 = Debug|Any CPU
		{04175722-F259-4DDA-B976-2CCBCDB01FB2}.Debug|ARM.ActiveCfg = Debug|ARM
		{04175722-F259-4DDA-B976-2CCBCDB01FB2}.Debug|ARM.Build.0 = Debug|ARM
		{04175722-F259-4DDA-B976-2CCBCDB01FB2}.Debug|ARM.Deploy.0 = Debug|ARM
		{04175722-F259-4DDA-B976-2CCBCDB01FB2}.Debug|x86.ActiveCfg = Debug|x86
		{04175722-F259-4DDA-B976-2CCBCDB01FB2}.Debug|x86.Build.0 = Debug|x86
		{04175722-F259-4DDA-B976-2CCBCDB01FB2}.Debug|x86.Deploy.0 = Debug|x86
		{04175722-F259-4DDA-B976-2CCBCDB01FB2}.Release|Any CPU.ActiveCfg = Release|Any CPU
		{04175722-F259-4DDA-B976-2CCBCDB01FB2}.Release|Any CPU.Build.0 = Release|Any CPU
		{04175722-F259-4DDA-B976-2CCBCDB01FB2}.Release|Any CPU.Deploy.0 = Release|Any CPU
		{04175722-F259-4DDA-B976-2CCBCDB01FB2}.Release|ARM.ActiveCfg = Release|ARM
		{04175722-F259-4DDA-B976-2CCBCDB01FB2}.Release|ARM.Build.0 = Release|ARM
		{04175722-F259-4DDA-B976-2CCBCDB01FB2}.Release|ARM.Deploy.0 = Release|ARM
		{04175722-F259-4DDA-B976-2CCBCDB01FB2}.Release|x86.ActiveCfg = Release|x86
		{04175722-F259-4DDA-B976-2CCBCDB01FB2}.Release|x86.Build.0 = Release|x86
		{04175722-F259-4DDA-B976-2CCBCDB01FB2}.Release|x86.Deploy.0 = Release|x86
	EndGlobalSection
	GlobalSection(SolutionProperties) = preSolution
		HideSolutionNode = FALSE
	EndGlobalSection
EndGlobal
